// !$*UTF8*$!
{
	archiveVersion = 1;
	classes = {
	};
	objectVersion = 50;
	objects = {

/* Begin PBXBuildFile section */
		3CD4E2BE2318AD0B00BB5BB2 /* Utils.swift in Sources */ = {isa = PBXBuildFile; fileRef = 3CD4E2BD2318AD0B00BB5BB2 /* Utils.swift */; };
		790456352318396B00C80B08 /* AppDelegate.swift in Sources */ = {isa = PBXBuildFile; fileRef = 790456342318396B00C80B08 /* AppDelegate.swift */; };
		790456372318396B00C80B08 /* EventsListViewController.swift in Sources */ = {isa = PBXBuildFile; fileRef = 790456362318396B00C80B08 /* EventsListViewController.swift */; };
		7904563A2318396B00C80B08 /* Main.storyboard in Resources */ = {isa = PBXBuildFile; fileRef = 790456382318396B00C80B08 /* Main.storyboard */; };
		7904563C2318396F00C80B08 /* Assets.xcassets in Resources */ = {isa = PBXBuildFile; fileRef = 7904563B2318396F00C80B08 /* Assets.xcassets */; };
		7904563F2318396F00C80B08 /* LaunchScreen.storyboard in Resources */ = {isa = PBXBuildFile; fileRef = 7904563D2318396F00C80B08 /* LaunchScreen.storyboard */; };
		7904564A2318396F00C80B08 /* WoopSicredi_TestTests.swift in Sources */ = {isa = PBXBuildFile; fileRef = 790456492318396F00C80B08 /* WoopSicredi_TestTests.swift */; };
		79045658231849A500C80B08 /* String+EventsList.swift in Sources */ = {isa = PBXBuildFile; fileRef = 79045657231849A500C80B08 /* String+EventsList.swift */; };
		7904566223184E2500C80B08 /* Alamofire.framework in Frameworks */ = {isa = PBXBuildFile; fileRef = 7904566123184E2500C80B08 /* Alamofire.framework */; };
		7904566423184E3100C80B08 /* Alamofire.framework in Embed Frameworks */ = {isa = PBXBuildFile; fileRef = 7904566123184E2500C80B08 /* Alamofire.framework */; settings = {ATTRIBUTES = (CodeSignOnCopy, RemoveHeadersOnCopy, ); }; };
		7904566B2318504D00C80B08 /* Service.swift in Sources */ = {isa = PBXBuildFile; fileRef = 7904566A2318504D00C80B08 /* Service.swift */; };
		790456712318619700C80B08 /* EventsList.swift in Sources */ = {isa = PBXBuildFile; fileRef = 790456702318619700C80B08 /* EventsList.swift */; };
		790456732318679900C80B08 /* Person.swift in Sources */ = {isa = PBXBuildFile; fileRef = 790456722318679900C80B08 /* Person.swift */; };
		79045675231867DD00C80B08 /* Coupon.swift in Sources */ = {isa = PBXBuildFile; fileRef = 79045674231867DC00C80B08 /* Coupon.swift */; };
		790456772318711500C80B08 /* UITableView+Animate.swift in Sources */ = {isa = PBXBuildFile; fileRef = 790456762318711500C80B08 /* UITableView+Animate.swift */; };
		7904567D2319516100C80B08 /* Popups.storyboard in Resources */ = {isa = PBXBuildFile; fileRef = 7904567C2319516100C80B08 /* Popups.storyboard */; };
		790456802319520B00C80B08 /* PopupAlertViewController.swift in Sources */ = {isa = PBXBuildFile; fileRef = 7904567F2319520B00C80B08 /* PopupAlertViewController.swift */; };
		790456832319548600C80B08 /* UIViewController+General.swift in Sources */ = {isa = PBXBuildFile; fileRef = 790456822319548600C80B08 /* UIViewController+General.swift */; };
/* End PBXBuildFile section */

/* Begin PBXContainerItemProxy section */
		790456462318396F00C80B08 /* PBXContainerItemProxy */ = {
			isa = PBXContainerItemProxy;
			containerPortal = 790456292318396B00C80B08 /* Project object */;
			proxyType = 1;
			remoteGlobalIDString = 790456302318396B00C80B08;
			remoteInfo = "WoopSicredi-Test";
		};
/* End PBXContainerItemProxy section */

/* Begin PBXCopyFilesBuildPhase section */
		7904566523184E3100C80B08 /* Embed Frameworks */ = {
			isa = PBXCopyFilesBuildPhase;
			buildActionMask = 2147483647;
			dstPath = "";
			dstSubfolderSpec = 10;
			files = (
				7904566423184E3100C80B08 /* Alamofire.framework in Embed Frameworks */,
			);
			name = "Embed Frameworks";
			runOnlyForDeploymentPostprocessing = 0;
		};
/* End PBXCopyFilesBuildPhase section */

/* Begin PBXFileReference section */
		3CD4E2BD2318AD0B00BB5BB2 /* Utils.swift */ = {isa = PBXFileReference; lastKnownFileType = sourcecode.swift; path = Utils.swift; sourceTree = "<group>"; };
		790456312318396B00C80B08 /* WoopSicredi-Test.app */ = {isa = PBXFileReference; explicitFileType = wrapper.application; includeInIndex = 0; path = "WoopSicredi-Test.app"; sourceTree = BUILT_PRODUCTS_DIR; };
		790456342318396B00C80B08 /* AppDelegate.swift */ = {isa = PBXFileReference; lastKnownFileType = sourcecode.swift; path = AppDelegate.swift; sourceTree = "<group>"; };
		790456362318396B00C80B08 /* EventsListViewController.swift */ = {isa = PBXFileReference; lastKnownFileType = sourcecode.swift; path = EventsListViewController.swift; sourceTree = "<group>"; };
		790456392318396B00C80B08 /* Base */ = {isa = PBXFileReference; lastKnownFileType = file.storyboard; name = Base; path = Base.lproj/Main.storyboard; sourceTree = "<group>"; };
		7904563B2318396F00C80B08 /* Assets.xcassets */ = {isa = PBXFileReference; lastKnownFileType = folder.assetcatalog; path = Assets.xcassets; sourceTree = "<group>"; };
		7904563E2318396F00C80B08 /* Base */ = {isa = PBXFileReference; lastKnownFileType = file.storyboard; name = Base; path = Base.lproj/LaunchScreen.storyboard; sourceTree = "<group>"; };
		790456402318396F00C80B08 /* Info.plist */ = {isa = PBXFileReference; lastKnownFileType = text.plist.xml; path = Info.plist; sourceTree = "<group>"; };
		790456452318396F00C80B08 /* WoopSicredi-TestTests.xctest */ = {isa = PBXFileReference; explicitFileType = wrapper.cfbundle; includeInIndex = 0; path = "WoopSicredi-TestTests.xctest"; sourceTree = BUILT_PRODUCTS_DIR; };
		790456492318396F00C80B08 /* WoopSicredi_TestTests.swift */ = {isa = PBXFileReference; lastKnownFileType = sourcecode.swift; path = WoopSicredi_TestTests.swift; sourceTree = "<group>"; };
		7904564B2318396F00C80B08 /* Info.plist */ = {isa = PBXFileReference; lastKnownFileType = text.plist.xml; path = Info.plist; sourceTree = "<group>"; };
		79045657231849A500C80B08 /* String+EventsList.swift */ = {isa = PBXFileReference; lastKnownFileType = sourcecode.swift; path = "String+EventsList.swift"; sourceTree = "<group>"; };
		7904566123184E2500C80B08 /* Alamofire.framework */ = {isa = PBXFileReference; lastKnownFileType = wrapper.framework; name = Alamofire.framework; path = Carthage/Build/iOS/Alamofire.framework; sourceTree = SOURCE_ROOT; };
		7904566A2318504D00C80B08 /* Service.swift */ = {isa = PBXFileReference; lastKnownFileType = sourcecode.swift; path = Service.swift; sourceTree = "<group>"; };
		790456702318619700C80B08 /* EventsList.swift */ = {isa = PBXFileReference; lastKnownFileType = sourcecode.swift; path = EventsList.swift; sourceTree = "<group>"; };
		790456722318679900C80B08 /* Person.swift */ = {isa = PBXFileReference; lastKnownFileType = sourcecode.swift; path = Person.swift; sourceTree = "<group>"; };
		79045674231867DC00C80B08 /* Coupon.swift */ = {isa = PBXFileReference; lastKnownFileType = sourcecode.swift; path = Coupon.swift; sourceTree = "<group>"; };
		790456762318711500C80B08 /* UITableView+Animate.swift */ = {isa = PBXFileReference; lastKnownFileType = sourcecode.swift; path = "UITableView+Animate.swift"; sourceTree = "<group>"; };
		7904567C2319516100C80B08 /* Popups.storyboard */ = {isa = PBXFileReference; lastKnownFileType = file.storyboard; path = Popups.storyboard; sourceTree = "<group>"; };
		7904567F2319520B00C80B08 /* PopupAlertViewController.swift */ = {isa = PBXFileReference; lastKnownFileType = sourcecode.swift; path = PopupAlertViewController.swift; sourceTree = "<group>"; };
		790456822319548600C80B08 /* UIViewController+General.swift */ = {isa = PBXFileReference; lastKnownFileType = sourcecode.swift; path = "UIViewController+General.swift"; sourceTree = "<group>"; };
/* End PBXFileReference section */

/* Begin PBXFrameworksBuildPhase section */
		7904562E2318396B00C80B08 /* Frameworks */ = {
			isa = PBXFrameworksBuildPhase;
			buildActionMask = 2147483647;
			files = (
				7904566223184E2500C80B08 /* Alamofire.framework in Frameworks */,
			);
			runOnlyForDeploymentPostprocessing = 0;
		};
		790456422318396F00C80B08 /* Frameworks */ = {
			isa = PBXFrameworksBuildPhase;
			buildActionMask = 2147483647;
			files = (
			);
			runOnlyForDeploymentPostprocessing = 0;
		};
/* End PBXFrameworksBuildPhase section */

/* Begin PBXGroup section */
		3CD4E2BF2318BA3300BB5BB2 /* General */ = {
			isa = PBXGroup;
			children = (
				790456812319546100C80B08 /* Extensions */,
				7904567E231951AB00C80B08 /* Popups */,
				3CD4E2C02318BA3C00BB5BB2 /* Utils */,
			);
			path = General;
			sourceTree = "<group>";
		};
		3CD4E2C02318BA3C00BB5BB2 /* Utils */ = {
			isa = PBXGroup;
			children = (
				3CD4E2BD2318AD0B00BB5BB2 /* Utils.swift */,
			);
			path = Utils;
			sourceTree = "<group>";
		};
		790456282318396B00C80B08 = {
			isa = PBXGroup;
			children = (
				790456332318396B00C80B08 /* WoopSicredi-Test */,
				7904565E23184CEB00C80B08 /* Frameworks */,
				7904565A23184A3A00C80B08 /* Resources */,
				790456482318396F00C80B08 /* WoopSicredi-TestTests */,
				790456322318396B00C80B08 /* Products */,
			);
			sourceTree = "<group>";
		};
		790456322318396B00C80B08 /* Products */ = {
			isa = PBXGroup;
			children = (
				790456312318396B00C80B08 /* WoopSicredi-Test.app */,
				790456452318396F00C80B08 /* WoopSicredi-TestTests.xctest */,
			);
			name = Products;
			sourceTree = "<group>";
		};
		790456332318396B00C80B08 /* WoopSicredi-Test */ = {
			isa = PBXGroup;
			children = (
				790456342318396B00C80B08 /* AppDelegate.swift */,
				3CD4E2BF2318BA3300BB5BB2 /* General */,
				790456692318503C00C80B08 /* API Service */,
				7904565923184A2000C80B08 /* Storyboards */,
				790456542318496F00C80B08 /* Events List */,
			);
			path = "WoopSicredi-Test";
			sourceTree = "<group>";
		};
		790456482318396F00C80B08 /* WoopSicredi-TestTests */ = {
			isa = PBXGroup;
			children = (
				790456492318396F00C80B08 /* WoopSicredi_TestTests.swift */,
				7904564B2318396F00C80B08 /* Info.plist */,
			);
			path = "WoopSicredi-TestTests";
			sourceTree = "<group>";
		};
		790456542318496F00C80B08 /* Events List */ = {
			isa = PBXGroup;
			children = (
				790456552318498900C80B08 /* Controllers */,
				7904566F2318604200C80B08 /* Models */,
				790456562318499100C80B08 /* Extensions */,
			);
			path = "Events List";
			sourceTree = "<group>";
		};
		790456552318498900C80B08 /* Controllers */ = {
			isa = PBXGroup;
			children = (
				790456362318396B00C80B08 /* EventsListViewController.swift */,
			);
			path = Controllers;
			sourceTree = "<group>";
		};
		790456562318499100C80B08 /* Extensions */ = {
			isa = PBXGroup;
			children = (
				79045657231849A500C80B08 /* String+EventsList.swift */,
			);
			path = Extensions;
			sourceTree = "<group>";
		};
		7904565923184A2000C80B08 /* Storyboards */ = {
			isa = PBXGroup;
			children = (
				7904563D2318396F00C80B08 /* LaunchScreen.storyboard */,
				790456382318396B00C80B08 /* Main.storyboard */,
				7904567C2319516100C80B08 /* Popups.storyboard */,
			);
			path = Storyboards;
			sourceTree = "<group>";
		};
		7904565A23184A3A00C80B08 /* Resources */ = {
			isa = PBXGroup;
			children = (
				7904563B2318396F00C80B08 /* Assets.xcassets */,
				790456402318396F00C80B08 /* Info.plist */,
			);
			path = Resources;
			sourceTree = "<group>";
		};
		7904565E23184CEB00C80B08 /* Frameworks */ = {
			isa = PBXGroup;
			children = (
				7904565F23184CF600C80B08 /* Carthage */,
			);
			path = Frameworks;
			sourceTree = "<group>";
		};
		7904565F23184CF600C80B08 /* Carthage */ = {
			isa = PBXGroup;
			children = (
				7904566123184E2500C80B08 /* Alamofire.framework */,
			);
			path = Carthage;
			sourceTree = "<group>";
		};
		790456692318503C00C80B08 /* API Service */ = {
			isa = PBXGroup;
			children = (
				7904566A2318504D00C80B08 /* Service.swift */,
			);
			path = "API Service";
			sourceTree = "<group>";
		};
		7904566F2318604200C80B08 /* Models */ = {
			isa = PBXGroup;
			children = (
				790456702318619700C80B08 /* EventsList.swift */,
				790456722318679900C80B08 /* Person.swift */,
				79045674231867DC00C80B08 /* Coupon.swift */,
			);
			path = Models;
			sourceTree = "<group>";
		};
		7904567E231951AB00C80B08 /* Popups */ = {
			isa = PBXGroup;
			children = (
				7904567F2319520B00C80B08 /* PopupAlertViewController.swift */,
			);
			path = Popups;
			sourceTree = "<group>";
		};
		790456812319546100C80B08 /* Extensions */ = {
			isa = PBXGroup;
			children = (
				790456762318711500C80B08 /* UITableView+Animate.swift */,
				790456822319548600C80B08 /* UIViewController+General.swift */,
			);
			path = Extensions;
			sourceTree = "<group>";
		};
/* End PBXGroup section */

/* Begin PBXNativeTarget section */
		790456302318396B00C80B08 /* WoopSicredi-Test */ = {
			isa = PBXNativeTarget;
			buildConfigurationList = 7904564E2318396F00C80B08 /* Build configuration list for PBXNativeTarget "WoopSicredi-Test" */;
			buildPhases = (
				7904562D2318396B00C80B08 /* Sources */,
				7904562E2318396B00C80B08 /* Frameworks */,
				7904562F2318396B00C80B08 /* Resources */,
				7904566023184DBD00C80B08 /* Carthage */,
				7904566523184E3100C80B08 /* Embed Frameworks */,
			);
			buildRules = (
			);
			dependencies = (
			);
			name = "WoopSicredi-Test";
			productName = "WoopSicredi-Test";
			productReference = 790456312318396B00C80B08 /* WoopSicredi-Test.app */;
			productType = "com.apple.product-type.application";
		};
		790456442318396F00C80B08 /* WoopSicredi-TestTests */ = {
			isa = PBXNativeTarget;
			buildConfigurationList = 790456512318396F00C80B08 /* Build configuration list for PBXNativeTarget "WoopSicredi-TestTests" */;
			buildPhases = (
				790456412318396F00C80B08 /* Sources */,
				790456422318396F00C80B08 /* Frameworks */,
				790456432318396F00C80B08 /* Resources */,
			);
			buildRules = (
			);
			dependencies = (
				790456472318396F00C80B08 /* PBXTargetDependency */,
			);
			name = "WoopSicredi-TestTests";
			productName = "WoopSicredi-TestTests";
			productReference = 790456452318396F00C80B08 /* WoopSicredi-TestTests.xctest */;
			productType = "com.apple.product-type.bundle.unit-test";
		};
/* End PBXNativeTarget section */

/* Begin PBXProject section */
		790456292318396B00C80B08 /* Project object */ = {
			isa = PBXProject;
			attributes = {
				LastSwiftUpdateCheck = 1030;
				LastUpgradeCheck = 1030;
				ORGANIZATIONNAME = Rafael.Krentz;
				TargetAttributes = {
					790456302318396B00C80B08 = {
						CreatedOnToolsVersion = 10.3;
					};
					790456442318396F00C80B08 = {
						CreatedOnToolsVersion = 10.3;
						TestTargetID = 790456302318396B00C80B08;
					};
				};
			};
			buildConfigurationList = 7904562C2318396B00C80B08 /* Build configuration list for PBXProject "WoopSicredi-Test" */;
			compatibilityVersion = "Xcode 9.3";
			developmentRegion = en;
			hasScannedForEncodings = 0;
			knownRegions = (
				en,
				Base,
			);
			mainGroup = 790456282318396B00C80B08;
			productRefGroup = 790456322318396B00C80B08 /* Products */;
			projectDirPath = "";
			projectRoot = "";
			targets = (
				790456302318396B00C80B08 /* WoopSicredi-Test */,
				790456442318396F00C80B08 /* WoopSicredi-TestTests */,
			);
		};
/* End PBXProject section */

/* Begin PBXResourcesBuildPhase section */
		7904562F2318396B00C80B08 /* Resources */ = {
			isa = PBXResourcesBuildPhase;
			buildActionMask = 2147483647;
			files = (
				7904563F2318396F00C80B08 /* LaunchScreen.storyboard in Resources */,
				7904563C2318396F00C80B08 /* Assets.xcassets in Resources */,
				7904563A2318396B00C80B08 /* Main.storyboard in Resources */,
				7904567D2319516100C80B08 /* Popups.storyboard in Resources */,
			);
			runOnlyForDeploymentPostprocessing = 0;
		};
		790456432318396F00C80B08 /* Resources */ = {
			isa = PBXResourcesBuildPhase;
			buildActionMask = 2147483647;
			files = (
			);
			runOnlyForDeploymentPostprocessing = 0;
		};
/* End PBXResourcesBuildPhase section */

/* Begin PBXShellScriptBuildPhase section */
		7904566023184DBD00C80B08 /* Carthage */ = {
			isa = PBXShellScriptBuildPhase;
			buildActionMask = 2147483647;
			files = (
			);
			inputFileListPaths = (
			);
			inputPaths = (
				"$(SRCROOT)/Carthage/Build/iOS/Alamofire.framework",
			);
			name = Carthage;
			outputFileListPaths = (
			);
			outputPaths = (
			);
			runOnlyForDeploymentPostprocessing = 0;
			shellPath = /bin/sh;
			shellScript = "# Type a script or drag a script file from your workspace to insert its path.\n";
		};
/* End PBXShellScriptBuildPhase section */

/* Begin PBXSourcesBuildPhase section */
		7904562D2318396B00C80B08 /* Sources */ = {
			isa = PBXSourcesBuildPhase;
			buildActionMask = 2147483647;
			files = (
				790456732318679900C80B08 /* Person.swift in Sources */,
				790456712318619700C80B08 /* EventsList.swift in Sources */,
				790456832319548600C80B08 /* UIViewController+General.swift in Sources */,
				3CD4E2BE2318AD0B00BB5BB2 /* Utils.swift in Sources */,
				790456372318396B00C80B08 /* EventsListViewController.swift in Sources */,
				790456802319520B00C80B08 /* PopupAlertViewController.swift in Sources */,
				7904566B2318504D00C80B08 /* Service.swift in Sources */,
				79045658231849A500C80B08 /* String+EventsList.swift in Sources */,
				790456352318396B00C80B08 /* AppDelegate.swift in Sources */,
				790456772318711500C80B08 /* UITableView+Animate.swift in Sources */,
				79045675231867DD00C80B08 /* Coupon.swift in Sources */,
			);
			runOnlyForDeploymentPostprocessing = 0;
		};
		790456412318396F00C80B08 /* Sources */ = {
			isa = PBXSourcesBuildPhase;
			buildActionMask = 2147483647;
			files = (
				7904564A2318396F00C80B08 /* WoopSicredi_TestTests.swift in Sources */,
			);
			runOnlyForDeploymentPostprocessing = 0;
		};
/* End PBXSourcesBuildPhase section */

/* Begin PBXTargetDependency section */
		790456472318396F00C80B08 /* PBXTargetDependency */ = {
			isa = PBXTargetDependency;
			target = 790456302318396B00C80B08 /* WoopSicredi-Test */;
			targetProxy = 790456462318396F00C80B08 /* PBXContainerItemProxy */;
		};
/* End PBXTargetDependency section */

/* Begin PBXVariantGroup section */
		790456382318396B00C80B08 /* Main.storyboard */ = {
			isa = PBXVariantGroup;
			children = (
				790456392318396B00C80B08 /* Base */,
			);
			name = Main.storyboard;
			sourceTree = "<group>";
		};
		7904563D2318396F00C80B08 /* LaunchScreen.storyboard */ = {
			isa = PBXVariantGroup;
			children = (
				7904563E2318396F00C80B08 /* Base */,
			);
			name = LaunchScreen.storyboard;
			sourceTree = "<group>";
		};
/* End PBXVariantGroup section */

/* Begin XCBuildConfiguration section */
		7904564C2318396F00C80B08 /* Debug */ = {
			isa = XCBuildConfiguration;
			buildSettings = {
				ALWAYS_SEARCH_USER_PATHS = NO;
				CLANG_ANALYZER_NONNULL = YES;
				CLANG_ANALYZER_NUMBER_OBJECT_CONVERSION = YES_AGGRESSIVE;
				CLANG_CXX_LANGUAGE_STANDARD = "gnu++14";
				CLANG_CXX_LIBRARY = "libc++";
				CLANG_ENABLE_MODULES = YES;
				CLANG_ENABLE_OBJC_ARC = YES;
				CLANG_ENABLE_OBJC_WEAK = YES;
				CLANG_WARN_BLOCK_CAPTURE_AUTORELEASING = YES;
				CLANG_WARN_BOOL_CONVERSION = YES;
				CLANG_WARN_COMMA = YES;
				CLANG_WARN_CONSTANT_CONVERSION = YES;
				CLANG_WARN_DEPRECATED_OBJC_IMPLEMENTATIONS = YES;
				CLANG_WARN_DIRECT_OBJC_ISA_USAGE = YES_ERROR;
				CLANG_WARN_DOCUMENTATION_COMMENTS = YES;
				CLANG_WARN_EMPTY_BODY = YES;
				CLANG_WARN_ENUM_CONVERSION = YES;
				CLANG_WARN_INFINITE_RECURSION = YES;
				CLANG_WARN_INT_CONVERSION = YES;
				CLANG_WARN_NON_LITERAL_NULL_CONVERSION = YES;
				CLANG_WARN_OBJC_IMPLICIT_RETAIN_SELF = YES;
				CLANG_WARN_OBJC_LITERAL_CONVERSION = YES;
				CLANG_WARN_OBJC_ROOT_CLASS = YES_ERROR;
				CLANG_WARN_RANGE_LOOP_ANALYSIS = YES;
				CLANG_WARN_STRICT_PROTOTYPES = YES;
				CLANG_WARN_SUSPICIOUS_MOVE = YES;
				CLANG_WARN_UNGUARDED_AVAILABILITY = YES_AGGRESSIVE;
				CLANG_WARN_UNREACHABLE_CODE = YES;
				CLANG_WARN__DUPLICATE_METHOD_MATCH = YES;
				CODE_SIGN_IDENTITY = "iPhone Developer";
				COPY_PHASE_STRIP = NO;
				DEBUG_INFORMATION_FORMAT = dwarf;
				ENABLE_STRICT_OBJC_MSGSEND = YES;
				ENABLE_TESTABILITY = YES;
				GCC_C_LANGUAGE_STANDARD = gnu11;
				GCC_DYNAMIC_NO_PIC = NO;
				GCC_NO_COMMON_BLOCKS = YES;
				GCC_OPTIMIZATION_LEVEL = 0;
				GCC_PREPROCESSOR_DEFINITIONS = (
					"DEBUG=1",
					"$(inherited)",
				);
				GCC_WARN_64_TO_32_BIT_CONVERSION = YES;
				GCC_WARN_ABOUT_RETURN_TYPE = YES_ERROR;
				GCC_WARN_UNDECLARED_SELECTOR = YES;
				GCC_WARN_UNINITIALIZED_AUTOS = YES_AGGRESSIVE;
				GCC_WARN_UNUSED_FUNCTION = YES;
				GCC_WARN_UNUSED_VARIABLE = YES;
				IPHONEOS_DEPLOYMENT_TARGET = 12.4;
				MTL_ENABLE_DEBUG_INFO = INCLUDE_SOURCE;
				MTL_FAST_MATH = YES;
				ONLY_ACTIVE_ARCH = YES;
				SDKROOT = iphoneos;
				SWIFT_ACTIVE_COMPILATION_CONDITIONS = DEBUG;
				SWIFT_OPTIMIZATION_LEVEL = "-Onone";
			};
			name = Debug;
		};
		7904564D2318396F00C80B08 /* Release */ = {
			isa = XCBuildConfiguration;
			buildSettings = {
				ALWAYS_SEARCH_USER_PATHS = NO;
				CLANG_ANALYZER_NONNULL = YES;
				CLANG_ANALYZER_NUMBER_OBJECT_CONVERSION = YES_AGGRESSIVE;
				CLANG_CXX_LANGUAGE_STANDARD = "gnu++14";
				CLANG_CXX_LIBRARY = "libc++";
				CLANG_ENABLE_MODULES = YES;
				CLANG_ENABLE_OBJC_ARC = YES;
				CLANG_ENABLE_OBJC_WEAK = YES;
				CLANG_WARN_BLOCK_CAPTURE_AUTORELEASING = YES;
				CLANG_WARN_BOOL_CONVERSION = YES;
				CLANG_WARN_COMMA = YES;
				CLANG_WARN_CONSTANT_CONVERSION = YES;
				CLANG_WARN_DEPRECATED_OBJC_IMPLEMENTATIONS = YES;
				CLANG_WARN_DIRECT_OBJC_ISA_USAGE = YES_ERROR;
				CLANG_WARN_DOCUMENTATION_COMMENTS = YES;
				CLANG_WARN_EMPTY_BODY = YES;
				CLANG_WARN_ENUM_CONVERSION = YES;
				CLANG_WARN_INFINITE_RECURSION = YES;
				CLANG_WARN_INT_CONVERSION = YES;
				CLANG_WARN_NON_LITERAL_NULL_CONVERSION = YES;
				CLANG_WARN_OBJC_IMPLICIT_RETAIN_SELF = YES;
				CLANG_WARN_OBJC_LITERAL_CONVERSION = YES;
				CLANG_WARN_OBJC_ROOT_CLASS = YES_ERROR;
				CLANG_WARN_RANGE_LOOP_ANALYSIS = YES;
				CLANG_WARN_STRICT_PROTOTYPES = YES;
				CLANG_WARN_SUSPICIOUS_MOVE = YES;
				CLANG_WARN_UNGUARDED_AVAILABILITY = YES_AGGRESSIVE;
				CLANG_WARN_UNREACHABLE_CODE = YES;
				CLANG_WARN__DUPLICATE_METHOD_MATCH = YES;
				CODE_SIGN_IDENTITY = "iPhone Developer";
				COPY_PHASE_STRIP = NO;
				DEBUG_INFORMATION_FORMAT = "dwarf-with-dsym";
				ENABLE_NS_ASSERTIONS = NO;
				ENABLE_STRICT_OBJC_MSGSEND = YES;
				GCC_C_LANGUAGE_STANDARD = gnu11;
				GCC_NO_COMMON_BLOCKS = YES;
				GCC_WARN_64_TO_32_BIT_CONVERSION = YES;
				GCC_WARN_ABOUT_RETURN_TYPE = YES_ERROR;
				GCC_WARN_UNDECLARED_SELECTOR = YES;
				GCC_WARN_UNINITIALIZED_AUTOS = YES_AGGRESSIVE;
				GCC_WARN_UNUSED_FUNCTION = YES;
				GCC_WARN_UNUSED_VARIABLE = YES;
				IPHONEOS_DEPLOYMENT_TARGET = 12.4;
				MTL_ENABLE_DEBUG_INFO = NO;
				MTL_FAST_MATH = YES;
				SDKROOT = iphoneos;
				SWIFT_COMPILATION_MODE = wholemodule;
				SWIFT_OPTIMIZATION_LEVEL = "-O";
				VALIDATE_PRODUCT = YES;
			};
			name = Release;
		};
		7904564F2318396F00C80B08 /* Debug */ = {
			isa = XCBuildConfiguration;
			buildSettings = {
				ASSETCATALOG_COMPILER_APPICON_NAME = AppIcon;
				CODE_SIGN_STYLE = Automatic;
				DEVELOPMENT_TEAM = R8ZX2P739G;
				FRAMEWORK_SEARCH_PATHS = (
					"$(inherited)",
					"$(PROJECT_DIR)/Carthage/Build/iOS",
				);
				INFOPLIST_FILE = "$(SRCROOT)/Resources/Info.plist";
				LD_RUNPATH_SEARCH_PATHS = (
					"$(inherited)",
					"@executable_path/Frameworks",
				);
				PRODUCT_BUNDLE_IDENTIFIER = "com.WoopSicredi-Test";
				PRODUCT_NAME = "$(TARGET_NAME)";
				SWIFT_VERSION = 5.0;
				TARGETED_DEVICE_FAMILY = "1,2";
			};
			name = Debug;
		};
		790456502318396F00C80B08 /* Release */ = {
			isa = XCBuildConfiguration;
			buildSettings = {
				ASSETCATALOG_COMPILER_APPICON_NAME = AppIcon;
				CODE_SIGN_STYLE = Automatic;
				DEVELOPMENT_TEAM = R8ZX2P739G;
				FRAMEWORK_SEARCH_PATHS = (
					"$(inherited)",
					"$(PROJECT_DIR)/Carthage/Build/iOS",
				);
				INFOPLIST_FILE = "$(SRCROOT)/Resources/Info.plist";
				LD_RUNPATH_SEARCH_PATHS = (
					"$(inherited)",
					"@executable_path/Frameworks",
				);
				PRODUCT_BUNDLE_IDENTIFIER = "com.WoopSicredi-Test";
				PRODUCT_NAME = "$(TARGET_NAME)";
				SWIFT_VERSION = 5.0;
				TARGETED_DEVICE_FAMILY = "1,2";
			};
			name = Release;
		};
		790456522318396F00C80B08 /* Debug */ = {
			isa = XCBuildConfiguration;
			buildSettings = {
				ALWAYS_EMBED_SWIFT_STANDARD_LIBRARIES = YES;
				BUNDLE_LOADER = "$(TEST_HOST)";
				CODE_SIGN_STYLE = Automatic;
				DEVELOPMENT_TEAM = R8ZX2P739G;
				INFOPLIST_FILE = "WoopSicredi-TestTests/Info.plist";
				LD_RUNPATH_SEARCH_PATHS = (
					"$(inherited)",
					"@executable_path/Frameworks",
					"@loader_path/Frameworks",
				);
				PRODUCT_BUNDLE_IDENTIFIER = "com.WoopSicredi-TestTests";
				PRODUCT_NAME = "$(TARGET_NAME)";
				SWIFT_VERSION = 5.0;
				TARGETED_DEVICE_FAMILY = "1,2";
				TEST_HOST = "$(BUILT_PRODUCTS_DIR)/WoopSicredi-Test.app/WoopSicredi-Test";
			};
			name = Debug;
		};
		790456532318396F00C80B08 /* Release */ = {
			isa = XCBuildConfiguration;
			buildSettings = {
				ALWAYS_EMBED_SWIFT_STANDARD_LIBRARIES = YES;
				BUNDLE_LOADER = "$(TEST_HOST)";
				CODE_SIGN_STYLE = Automatic;
				DEVELOPMENT_TEAM = R8ZX2P739G;
				INFOPLIST_FILE = "WoopSicredi-TestTests/Info.plist";
				LD_RUNPATH_SEARCH_PATHS = (
					"$(inherited)",
					"@executable_path/Frameworks",
					"@loader_path/Frameworks",
				);
				PRODUCT_BUNDLE_IDENTIFIER = "com.WoopSicredi-TestTests";
				PRODUCT_NAME = "$(TARGET_NAME)";
				SWIFT_VERSION = 5.0;
				TARGETED_DEVICE_FAMILY = "1,2";
				TEST_HOST = "$(BUILT_PRODUCTS_DIR)/WoopSicredi-Test.app/WoopSicredi-Test";
			};
			name = Release;
		};
/* End XCBuildConfiguration section */

/* Begin XCConfigurationList section */
		7904562C2318396B00C80B08 /* Build configuration list for PBXProject "WoopSicredi-Test" */ = {
			isa = XCConfigurationList;
			buildConfigurations = (
				7904564C2318396F00C80B08 /* Debug */,
				7904564D2318396F00C80B08 /* Release */,
			);
			defaultConfigurationIsVisible = 0;
			defaultConfigurationName = Release;
		};
		7904564E2318396F00C80B08 /* Build configuration list for PBXNativeTarget "WoopSicredi-Test" */ = {
			isa = XCConfigurationList;
			buildConfigurations = (
				7904564F2318396F00C80B08 /* Debug */,
				790456502318396F00C80B08 /* Release */,
			);
			defaultConfigurationIsVisible = 0;
			defaultConfigurationName = Release;
		};
		790456512318396F00C80B08 /* Build configuration list for PBXNativeTarget "WoopSicredi-TestTests" */ = {
			isa = XCConfigurationList;
			buildConfigurations = (
				790456522318396F00C80B08 /* Debug */,
				790456532318396F00C80B08 /* Release */,
			);
			defaultConfigurationIsVisible = 0;
			defaultConfigurationName = Release;
		};
/* End XCConfigurationList section */
	};
	rootObject = 790456292318396B00C80B08 /* Project object */;
}
